
Microsoft Visual Studio Solution File, Format Version 12.00
# Visual Studio Version 17
VisualStudioVersion = 17.7.34031.279
MinimumVisualStudioVersion = 10.0.40219.1
Project("{FAE04EC0-301F-11D3-BF4B-00C04F79EFBC}") = "WindowsFormsApp1_CDJ2324", "WindowsFormsApp1_CDJ2324\WindowsFormsApp1_CDJ2324.csproj", "{4845EAEA-4741-43FF-82AA-81C70CA6D0E7}"
EndProject
Global
	GlobalSection(SolutionConfigurationPlatforms) = preSolution
		Debug|Any CPU = Debug|Any CPU
		Release|Any CPU = Release|Any CPU
	EndGlobalSection
	GlobalSection(ProjectConfigurationPlatforms) = postSolution
		{4845EAEA-4741-43FF-82AA-81C70CA6D0E7}.Debug|Any CPU.ActiveCfg = Debug|Any CPU
		{4845EAEA-4741-43FF-82AA-81C70CA6D0E7}.Debug|Any CPU.Build.0 = Debug|Any CPU
		{4845EAEA-4741-43FF-82AA-81C70CA6D0E7}.Release|Any CPU.ActiveCfg = Release|Any CPU
		{4845EAEA-4741-43FF-82AA-81C70CA6D0E7}.Release|Any CPU.Build.0 = Release|Any CPU
	EndGlobalSection
	GlobalSection(SolutionProperties) = preSolution
		HideSolutionNode = FALSE
	EndGlobalSection
	GlobalSection(ExtensibilityGlobals) = postSolution
		SolutionGuid = {C7FEF357-B01F-4C11-93D5-33D8206F90CB}
	EndGlobalSection
EndGlobal
